
Microsoft Visual Studio Solution File, Format Version 12.00
# Visual Studio Version 16
VisualStudioVersion = 16.0.30907.101
MinimumVisualStudioVersion = 10.0.40219.1
Project("{FAE04EC0-301F-11D3-BF4B-00C04F79EFBC}") = "Pseudo-Twitter", "Pseudo-Twitter\Pseudo-Twitter.csproj", "{D5DE070F-A5CD-4252-ACB7-115E1C5414B7}"
EndProject
Global
	GlobalSection(SolutionConfigurationPlatforms) = preSolution
		Debug|Any CPU = Debug|Any CPU
		Release|Any CPU = Release|Any CPU
	EndGlobalSection
	GlobalSection(ProjectConfigurationPlatforms) = postSolution
		{D5DE070F-A5CD-4252-ACB7-115E1C5414B7}.Debug|Any CPU.ActiveCfg = Debug|Any CPU
		{D5DE070F-A5CD-4252-ACB7-115E1C5414B7}.Debug|Any CPU.Build.0 = Debug|Any CPU
		{D5DE070F-A5CD-4252-ACB7-115E1C5414B7}.Release|Any CPU.ActiveCfg = Release|Any CPU
		{D5DE070F-A5CD-4252-ACB7-115E1C5414B7}.Release|Any CPU.Build.0 = Release|Any CPU
	EndGlobalSection
	GlobalSection(SolutionProperties) = preSolution
		HideSolutionNode = FALSE
	EndGlobalSection
	GlobalSection(ExtensibilityGlobals) = postSolution
		SolutionGuid = {9228A1D9-8529-4B12-A678-040C9427335A}
	EndGlobalSection
EndGlobal
