
Microsoft Visual Studio Solution File, Format Version 12.00
# Visual Studio Version 16
VisualStudioVersion = 16.0.30907.101
MinimumVisualStudioVersion = 10.0.40219.1
Project("{FAE04EC0-301F-11D3-BF4B-00C04F79EFBC}") = "Twi", "Twi\Twi.csproj", "{B5C9F58C-24AC-4D45-885F-9832E7F79B47}"
EndProject
Global
	GlobalSection(SolutionConfigurationPlatforms) = preSolution
		Debug|Any CPU = Debug|Any CPU
		Release|Any CPU = Release|Any CPU
	EndGlobalSection
	GlobalSection(ProjectConfigurationPlatforms) = postSolution
		{B5C9F58C-24AC-4D45-885F-9832E7F79B47}.Debug|Any CPU.ActiveCfg = Debug|Any CPU
		{B5C9F58C-24AC-4D45-885F-9832E7F79B47}.Debug|Any CPU.Build.0 = Debug|Any CPU
		{B5C9F58C-24AC-4D45-885F-9832E7F79B47}.Release|Any CPU.ActiveCfg = Release|Any CPU
		{B5C9F58C-24AC-4D45-885F-9832E7F79B47}.Release|Any CPU.Build.0 = Release|Any CPU
	EndGlobalSection
	GlobalSection(SolutionProperties) = preSolution
		HideSolutionNode = FALSE
	EndGlobalSection
	GlobalSection(ExtensibilityGlobals) = postSolution
		SolutionGuid = {7D60C857-A34B-4910-A440-9864A0312788}
	EndGlobalSection
EndGlobal
